
Microsoft Visual Studio Solution File, Format Version 12.00
# Visual Studio Version 17
VisualStudioVersion = 17.0.31903.59
MinimumVisualStudioVersion = 10.0.40219.1
Project("{FAE04EC0-301F-11D3-BF4B-00C04F79EFBC}") = "BugPro", "BugPro\BugPro.csproj", "{F6D7BB4D-15BE-417D-A2D7-2550EA1F91AB}"
EndProject
Project("{FAE04EC0-301F-11D3-BF4B-00C04F79EFBC}") = "BugTests", "BugTests\BugTests.csproj", "{8F4DEE77-F824-4995-8BFB-0933442A267E}"
EndProject
Global
	GlobalSection(SolutionConfigurationPlatforms) = preSolution
		Debug|Any CPU = Debug|Any CPU
		Release|Any CPU = Release|Any CPU
	EndGlobalSection
	GlobalSection(SolutionProperties) = preSolution
		HideSolutionNode = FALSE
	EndGlobalSection
	GlobalSection(ProjectConfigurationPlatforms) = postSolution
		{F6D7BB4D-15BE-417D-A2D7-2550EA1F91AB}.Debug|Any CPU.ActiveCfg = Debug|Any CPU
		{F6D7BB4D-15BE-417D-A2D7-2550EA1F91AB}.Debug|Any CPU.Build.0 = Debug|Any CPU
		{F6D7BB4D-15BE-417D-A2D7-2550EA1F91AB}.Release|Any CPU.ActiveCfg = Release|Any CPU
		{F6D7BB4D-15BE-417D-A2D7-2550EA1F91AB}.Release|Any CPU.Build.0 = Release|Any CPU
		{8F4DEE77-F824-4995-8BFB-0933442A267E}.Debug|Any CPU.ActiveCfg = Debug|Any CPU
		{8F4DEE77-F824-4995-8BFB-0933442A267E}.Debug|Any CPU.Build.0 = Debug|Any CPU
		{8F4DEE77-F824-4995-8BFB-0933442A267E}.Release|Any CPU.ActiveCfg = Release|Any CPU
		{8F4DEE77-F824-4995-8BFB-0933442A267E}.Release|Any CPU.Build.0 = Release|Any CPU
	EndGlobalSection
EndGlobal
